// !$*UTF8*$!
{
	archiveVersion = 1;
	classes = {
	};
	objectVersion = 50;
	objects = {

/* Begin PBXBuildFile section */
		0B9E2461ADAC222DE352E41A /* Pods_TaskManagerApp.framework in Frameworks */ = {isa = PBXBuildFile; fileRef = B1D50C91E74DA66F3906A234 /* Pods_TaskManagerApp.framework */; };
		6613716B21F03B2A00732155 /* Lenses.swift in Sources */ = {isa = PBXBuildFile; fileRef = 6613716A21F03B2A00732155 /* Lenses.swift */; };
		661F9DE821E85E130000F457 /* AppDelegate.swift in Sources */ = {isa = PBXBuildFile; fileRef = 661F9DE721E85E130000F457 /* AppDelegate.swift */; };
		661F9DEF21E85E150000F457 /* Assets.xcassets in Resources */ = {isa = PBXBuildFile; fileRef = 661F9DEE21E85E150000F457 /* Assets.xcassets */; };
		661F9DF221E85E150000F457 /* LaunchScreen.storyboard in Resources */ = {isa = PBXBuildFile; fileRef = 661F9DF021E85E150000F457 /* LaunchScreen.storyboard */; };
		661F9DFD21E85E150000F457 /* TaskManagerAppTests.swift in Sources */ = {isa = PBXBuildFile; fileRef = 661F9DFC21E85E150000F457 /* TaskManagerAppTests.swift */; };
		665961BF21EC46C700E6ED5C /* FBSnapshotTestCase+Extension.swift in Sources */ = {isa = PBXBuildFile; fileRef = 665961BE21EC46C700E6ED5C /* FBSnapshotTestCase+Extension.swift */; };
		665961C121EC470100E6ED5C /* AssertionDataExtractionCapable.swift in Sources */ = {isa = PBXBuildFile; fileRef = 665961C021EC470100E6ED5C /* AssertionDataExtractionCapable.swift */; };
		665961C321EC472E00E6ED5C /* ManageTasksViewControllerSnapshotTests.swift in Sources */ = {isa = PBXBuildFile; fileRef = 665961C221EC472E00E6ED5C /* ManageTasksViewControllerSnapshotTests.swift */; };
		665961C521EC482400E6ED5C /* StoryboardName.swift in Sources */ = {isa = PBXBuildFile; fileRef = 665961C421EC482400E6ED5C /* StoryboardName.swift */; };
		665961CE21EC4EA200E6ED5C /* Localizable.strings in Resources */ = {isa = PBXBuildFile; fileRef = 665961D021EC4EA200E6ED5C /* Localizable.strings */; };
		665961D421EC508600E6ED5C /* Strings.swift in Sources */ = {isa = PBXBuildFile; fileRef = 665961D321EC508600E6ED5C /* Strings.swift */; };
		665961D821EC513F00E6ED5C /* TableItem.swift in Sources */ = {isa = PBXBuildFile; fileRef = 665961D721EC513F00E6ED5C /* TableItem.swift */; };
		665961DA21EC515600E6ED5C /* TableSection.swift in Sources */ = {isa = PBXBuildFile; fileRef = 665961D921EC515600E6ED5C /* TableSection.swift */; };
		665961DC21EC518B00E6ED5C /* TableItemType.swift in Sources */ = {isa = PBXBuildFile; fileRef = 665961DB21EC518B00E6ED5C /* TableItemType.swift */; };
		665961DE21EC519D00E6ED5C /* TableItemAction.swift in Sources */ = {isa = PBXBuildFile; fileRef = 665961DD21EC519D00E6ED5C /* TableItemAction.swift */; };
		665961E021EC51D100E6ED5C /* GenericTableItem.swift in Sources */ = {isa = PBXBuildFile; fileRef = 665961DF21EC51D100E6ED5C /* GenericTableItem.swift */; };
		665961E221EC51E800E6ED5C /* GenericTableSection.swift in Sources */ = {isa = PBXBuildFile; fileRef = 665961E121EC51E800E6ED5C /* GenericTableSection.swift */; };
		665961E421EC532500E6ED5C /* TableDisplayCapable.swift in Sources */ = {isa = PBXBuildFile; fileRef = 665961E321EC532500E6ED5C /* TableDisplayCapable.swift */; };
		665961E621EC551900E6ED5C /* ReusableView.swift in Sources */ = {isa = PBXBuildFile; fileRef = 665961E521EC551900E6ED5C /* ReusableView.swift */; };
		665961E821EC555000E6ED5C /* UITableViewCell+Extension.swift in Sources */ = {isa = PBXBuildFile; fileRef = 665961E721EC555000E6ED5C /* UITableViewCell+Extension.swift */; };
		665961EA21EC556700E6ED5C /* UITableView+Extension.swift in Sources */ = {isa = PBXBuildFile; fileRef = 665961E921EC556700E6ED5C /* UITableView+Extension.swift */; };
		665961EC21EC59F800E6ED5C /* SegueHandlerType.swift in Sources */ = {isa = PBXBuildFile; fileRef = 665961EB21EC59F800E6ED5C /* SegueHandlerType.swift */; };
		665961EE21EC5A6900E6ED5C /* EditTaskViewController.swift in Sources */ = {isa = PBXBuildFile; fileRef = 665961ED21EC5A6900E6ED5C /* EditTaskViewController.swift */; };
		66B7CC8C21F193EA00BE8464 /* EditTaskViewModelTests.swift in Sources */ = {isa = PBXBuildFile; fileRef = 66B7CC8B21F193EA00BE8464 /* EditTaskViewModelTests.swift */; };
		66B7CC8E21F19FE800BE8464 /* Realm.framework in Frameworks */ = {isa = PBXBuildFile; fileRef = 66B7CC8D21F19FE800BE8464 /* Realm.framework */; };
		66B7CC8F21F19FE800BE8464 /* Realm.framework in Embed Frameworks */ = {isa = PBXBuildFile; fileRef = 66B7CC8D21F19FE800BE8464 /* Realm.framework */; settings = {ATTRIBUTES = (CodeSignOnCopy, RemoveHeadersOnCopy, ); }; };
		66B7CC9221F19FF000BE8464 /* RealmSwift.framework in Frameworks */ = {isa = PBXBuildFile; fileRef = 66B7CC9121F19FEF00BE8464 /* RealmSwift.framework */; };
		66B7CC9321F19FF000BE8464 /* RealmSwift.framework in Embed Frameworks */ = {isa = PBXBuildFile; fileRef = 66B7CC9121F19FEF00BE8464 /* RealmSwift.framework */; settings = {ATTRIBUTES = (CodeSignOnCopy, RemoveHeadersOnCopy, ); }; };
		66B7CC9621F1A2A800BE8464 /* DataAccessor.swift in Sources */ = {isa = PBXBuildFile; fileRef = 66B7CC9521F1A2A800BE8464 /* DataAccessor.swift */; };
		66B7CC9821F1A2D600BE8464 /* RealmConfigurationProvider.swift in Sources */ = {isa = PBXBuildFile; fileRef = 66B7CC9721F1A2D600BE8464 /* RealmConfigurationProvider.swift */; };
		66B7CC9A21F1A39B00BE8464 /* Realm+Extension.swift in Sources */ = {isa = PBXBuildFile; fileRef = 66B7CC9921F1A39B00BE8464 /* Realm+Extension.swift */; };
		66D38A1721ED94AB003274D4 /* EditTaskViewModel.swift in Sources */ = {isa = PBXBuildFile; fileRef = 66D38A1621ED94AB003274D4 /* EditTaskViewModel.swift */; };
		66D38A1921ED95BD003274D4 /* TitleValueTableItem.swift in Sources */ = {isa = PBXBuildFile; fileRef = 66D38A1821ED95BD003274D4 /* TitleValueTableItem.swift */; };
		66D38A1B21ED95F9003274D4 /* TitleValueTableSection.swift in Sources */ = {isa = PBXBuildFile; fileRef = 66D38A1A21ED95F9003274D4 /* TitleValueTableSection.swift */; };
		66D38A1E21ED9703003274D4 /* LoggingService.swift in Sources */ = {isa = PBXBuildFile; fileRef = 66D38A1D21ED9703003274D4 /* LoggingService.swift */; };
		66D38A2121ED9820003274D4 /* TaskEntity.swift in Sources */ = {isa = PBXBuildFile; fileRef = 66D38A2021ED9820003274D4 /* TaskEntity.swift */; };
		66D38A2421ED98D4003274D4 /* TaskDataAccessor.swift in Sources */ = {isa = PBXBuildFile; fileRef = 66D38A2321ED98D4003274D4 /* TaskDataAccessor.swift */; };
		66D38A2621ED9A01003274D4 /* LocalTaskService.swift in Sources */ = {isa = PBXBuildFile; fileRef = 66D38A2521ED9A01003274D4 /* LocalTaskService.swift */; };
		66D38A2821ED9CB6003274D4 /* ResultType.swift in Sources */ = {isa = PBXBuildFile; fileRef = 66D38A2721ED9CB6003274D4 /* ResultType.swift */; };
		66D38A2A21ED9CD3003274D4 /* OperationResult.swift in Sources */ = {isa = PBXBuildFile; fileRef = 66D38A2921ED9CD3003274D4 /* OperationResult.swift */; };
		66D38A2C21ED9CF4003274D4 /* ErrorType.swift in Sources */ = {isa = PBXBuildFile; fileRef = 66D38A2B21ED9CF4003274D4 /* ErrorType.swift */; };
		66D38A2E21ED9D18003274D4 /* ResultConverter.swift in Sources */ = {isa = PBXBuildFile; fileRef = 66D38A2D21ED9D18003274D4 /* ResultConverter.swift */; };
		66D38A3021ED9D74003274D4 /* Errors.swift in Sources */ = {isa = PBXBuildFile; fileRef = 66D38A2F21ED9D74003274D4 /* Errors.swift */; };
		66D38A3221ED9DD2003274D4 /* ErrorMessageService.swift in Sources */ = {isa = PBXBuildFile; fileRef = 66D38A3121ED9DD2003274D4 /* ErrorMessageService.swift */; };
		66D38A3421ED9F45003274D4 /* ErrorEmissionCapable.swift in Sources */ = {isa = PBXBuildFile; fileRef = 66D38A3321ED9F45003274D4 /* ErrorEmissionCapable.swift */; };
		66D38A3621ED9F77003274D4 /* ErrorBindable.swift in Sources */ = {isa = PBXBuildFile; fileRef = 66D38A3521ED9F77003274D4 /* ErrorBindable.swift */; };
		66D38A3821EDA12F003274D4 /* EditTaskViewControllerSnapshotTests.swift in Sources */ = {isa = PBXBuildFile; fileRef = 66D38A3721EDA12F003274D4 /* EditTaskViewControllerSnapshotTests.swift */; };
		66D38A3A21EDA222003274D4 /* Mocks.swift in Sources */ = {isa = PBXBuildFile; fileRef = 66D38A3921EDA222003274D4 /* Mocks.swift */; };
		66D38A3D21EDA802003274D4 /* TitleValueContentView.swift in Sources */ = {isa = PBXBuildFile; fileRef = 66D38A3C21EDA802003274D4 /* TitleValueContentView.swift */; };
		66D38A3F21EDA84E003274D4 /* AppConstants.swift in Sources */ = {isa = PBXBuildFile; fileRef = 66D38A3E21EDA84E003274D4 /* AppConstants.swift */; };
		66D38A4121EDA9A2003274D4 /* TitleValueCellContentViewSnapshotTests.swift in Sources */ = {isa = PBXBuildFile; fileRef = 66D38A4021EDA9A2003274D4 /* TitleValueCellContentViewSnapshotTests.swift */; };
		66D38A4421EDAA64003274D4 /* TitleValueTableViewCell.swift in Sources */ = {isa = PBXBuildFile; fileRef = 66D38A4321EDAA64003274D4 /* TitleValueTableViewCell.swift */; };
		66F72F7221E86008006B6878 /* ManageTasks.storyboard in Resources */ = {isa = PBXBuildFile; fileRef = 66F72F7121E86008006B6878 /* ManageTasks.storyboard */; };
		66F72F7421E86063006B6878 /* ManageTasksViewController.swift in Sources */ = {isa = PBXBuildFile; fileRef = 66F72F7321E86063006B6878 /* ManageTasksViewController.swift */; };
		66F72F7621E8607F006B6878 /* ManageTasksViewModel.swift in Sources */ = {isa = PBXBuildFile; fileRef = 66F72F7521E8607F006B6878 /* ManageTasksViewModel.swift */; };
		66F72F7821E8650E006B6878 /* IoCContainer.swift in Sources */ = {isa = PBXBuildFile; fileRef = 66F72F7721E8650E006B6878 /* IoCContainer.swift */; };
		66F72F7B21E86538006B6878 /* SwinjectStoryboard+Extension.swift in Sources */ = {isa = PBXBuildFile; fileRef = 66F72F7A21E86538006B6878 /* SwinjectStoryboard+Extension.swift */; };
		AFD7FEC14D8F309D03888DD0 /* Pods_TaskManagerAppTests.framework in Frameworks */ = {isa = PBXBuildFile; fileRef = EBC2E075B85EB17C2B497667 /* Pods_TaskManagerAppTests.framework */; };
/* End PBXBuildFile section */

/* Begin PBXContainerItemProxy section */
		661F9DF921E85E150000F457 /* PBXContainerItemProxy */ = {
			isa = PBXContainerItemProxy;
			containerPortal = 661F9DDC21E85E130000F457 /* Project object */;
			proxyType = 1;
			remoteGlobalIDString = 661F9DE321E85E130000F457;
			remoteInfo = TaskManagerApp;
		};
/* End PBXContainerItemProxy section */

/* Begin PBXCopyFilesBuildPhase section */
		66B7CC9021F19FE800BE8464 /* Embed Frameworks */ = {
			isa = PBXCopyFilesBuildPhase;
			buildActionMask = 2147483647;
			dstPath = "";
			dstSubfolderSpec = 10;
			files = (
				66B7CC9321F19FF000BE8464 /* RealmSwift.framework in Embed Frameworks */,
				66B7CC8F21F19FE800BE8464 /* Realm.framework in Embed Frameworks */,
			);
			name = "Embed Frameworks";
			runOnlyForDeploymentPostprocessing = 0;
		};
/* End PBXCopyFilesBuildPhase section */

/* Begin PBXFileReference section */
		3E71482CC1665606DCF9C1FA /* Pods-TaskManagerApp.release.xcconfig */ = {isa = PBXFileReference; includeInIndex = 1; lastKnownFileType = text.xcconfig; name = "Pods-TaskManagerApp.release.xcconfig"; path = "Pods/Target Support Files/Pods-TaskManagerApp/Pods-TaskManagerApp.release.xcconfig"; sourceTree = "<group>"; };
		6613716A21F03B2A00732155 /* Lenses.swift */ = {isa = PBXFileReference; lastKnownFileType = sourcecode.swift; path = Lenses.swift; sourceTree = "<group>"; };
		661F9DE421E85E130000F457 /* TaskManagerApp.app */ = {isa = PBXFileReference; explicitFileType = wrapper.application; includeInIndex = 0; path = TaskManagerApp.app; sourceTree = BUILT_PRODUCTS_DIR; };
		661F9DE721E85E130000F457 /* AppDelegate.swift */ = {isa = PBXFileReference; lastKnownFileType = sourcecode.swift; path = AppDelegate.swift; sourceTree = "<group>"; };
		661F9DEE21E85E150000F457 /* Assets.xcassets */ = {isa = PBXFileReference; lastKnownFileType = folder.assetcatalog; path = Assets.xcassets; sourceTree = "<group>"; };
		661F9DF121E85E150000F457 /* Base */ = {isa = PBXFileReference; lastKnownFileType = file.storyboard; name = Base; path = Base.lproj/LaunchScreen.storyboard; sourceTree = "<group>"; };
		661F9DF321E85E150000F457 /* Info.plist */ = {isa = PBXFileReference; lastKnownFileType = text.plist.xml; path = Info.plist; sourceTree = "<group>"; };
		661F9DF821E85E150000F457 /* TaskManagerAppTests.xctest */ = {isa = PBXFileReference; explicitFileType = wrapper.cfbundle; includeInIndex = 0; path = TaskManagerAppTests.xctest; sourceTree = BUILT_PRODUCTS_DIR; };
		661F9DFC21E85E150000F457 /* TaskManagerAppTests.swift */ = {isa = PBXFileReference; lastKnownFileType = sourcecode.swift; path = TaskManagerAppTests.swift; sourceTree = "<group>"; };
		661F9DFE21E85E150000F457 /* Info.plist */ = {isa = PBXFileReference; lastKnownFileType = text.plist.xml; path = Info.plist; sourceTree = "<group>"; };
		665961BE21EC46C700E6ED5C /* FBSnapshotTestCase+Extension.swift */ = {isa = PBXFileReference; lastKnownFileType = sourcecode.swift; path = "FBSnapshotTestCase+Extension.swift"; sourceTree = "<group>"; };
		665961C021EC470100E6ED5C /* AssertionDataExtractionCapable.swift */ = {isa = PBXFileReference; lastKnownFileType = sourcecode.swift; path = AssertionDataExtractionCapable.swift; sourceTree = "<group>"; };
		665961C221EC472E00E6ED5C /* ManageTasksViewControllerSnapshotTests.swift */ = {isa = PBXFileReference; lastKnownFileType = sourcecode.swift; path = ManageTasksViewControllerSnapshotTests.swift; sourceTree = "<group>"; };
		665961C421EC482400E6ED5C /* StoryboardName.swift */ = {isa = PBXFileReference; lastKnownFileType = sourcecode.swift; path = StoryboardName.swift; sourceTree = "<group>"; };
		665961CF21EC4EA200E6ED5C /* en */ = {isa = PBXFileReference; lastKnownFileType = text.plist.strings; name = en; path = en.lproj/Localizable.strings; sourceTree = "<group>"; };
		665961D121EC4EC100E6ED5C /* de */ = {isa = PBXFileReference; lastKnownFileType = text.plist.strings; name = de; path = de.lproj/LaunchScreen.strings; sourceTree = "<group>"; };
		665961D221EC4EC200E6ED5C /* de */ = {isa = PBXFileReference; lastKnownFileType = text.plist.strings; name = de; path = de.lproj/Localizable.strings; sourceTree = "<group>"; };
		665961D321EC508600E6ED5C /* Strings.swift */ = {isa = PBXFileReference; fileEncoding = 4; lastKnownFileType = sourcecode.swift; path = Strings.swift; sourceTree = "<group>"; };
		665961D721EC513F00E6ED5C /* TableItem.swift */ = {isa = PBXFileReference; lastKnownFileType = sourcecode.swift; path = TableItem.swift; sourceTree = "<group>"; };
		665961D921EC515600E6ED5C /* TableSection.swift */ = {isa = PBXFileReference; lastKnownFileType = sourcecode.swift; path = TableSection.swift; sourceTree = "<group>"; };
		665961DB21EC518B00E6ED5C /* TableItemType.swift */ = {isa = PBXFileReference; lastKnownFileType = sourcecode.swift; path = TableItemType.swift; sourceTree = "<group>"; };
		665961DD21EC519D00E6ED5C /* TableItemAction.swift */ = {isa = PBXFileReference; lastKnownFileType = sourcecode.swift; path = TableItemAction.swift; sourceTree = "<group>"; };
		665961DF21EC51D100E6ED5C /* GenericTableItem.swift */ = {isa = PBXFileReference; lastKnownFileType = sourcecode.swift; path = GenericTableItem.swift; sourceTree = "<group>"; };
		665961E121EC51E800E6ED5C /* GenericTableSection.swift */ = {isa = PBXFileReference; lastKnownFileType = sourcecode.swift; path = GenericTableSection.swift; sourceTree = "<group>"; };
		665961E321EC532500E6ED5C /* TableDisplayCapable.swift */ = {isa = PBXFileReference; lastKnownFileType = sourcecode.swift; path = TableDisplayCapable.swift; sourceTree = "<group>"; };
		665961E521EC551900E6ED5C /* ReusableView.swift */ = {isa = PBXFileReference; lastKnownFileType = sourcecode.swift; path = ReusableView.swift; sourceTree = "<group>"; };
		665961E721EC555000E6ED5C /* UITableViewCell+Extension.swift */ = {isa = PBXFileReference; lastKnownFileType = sourcecode.swift; path = "UITableViewCell+Extension.swift"; sourceTree = "<group>"; };
		665961E921EC556700E6ED5C /* UITableView+Extension.swift */ = {isa = PBXFileReference; lastKnownFileType = sourcecode.swift; path = "UITableView+Extension.swift"; sourceTree = "<group>"; };
		665961EB21EC59F800E6ED5C /* SegueHandlerType.swift */ = {isa = PBXFileReference; lastKnownFileType = sourcecode.swift; path = SegueHandlerType.swift; sourceTree = "<group>"; };
		665961ED21EC5A6900E6ED5C /* EditTaskViewController.swift */ = {isa = PBXFileReference; lastKnownFileType = sourcecode.swift; path = EditTaskViewController.swift; sourceTree = "<group>"; };
		66B7CC8B21F193EA00BE8464 /* EditTaskViewModelTests.swift */ = {isa = PBXFileReference; lastKnownFileType = sourcecode.swift; path = EditTaskViewModelTests.swift; sourceTree = "<group>"; };
		66B7CC8D21F19FE800BE8464 /* Realm.framework */ = {isa = PBXFileReference; lastKnownFileType = wrapper.framework; path = Realm.framework; sourceTree = "<group>"; };
		66B7CC9121F19FEF00BE8464 /* RealmSwift.framework */ = {isa = PBXFileReference; lastKnownFileType = wrapper.framework; path = RealmSwift.framework; sourceTree = "<group>"; };
		66B7CC9521F1A2A800BE8464 /* DataAccessor.swift */ = {isa = PBXFileReference; lastKnownFileType = sourcecode.swift; path = DataAccessor.swift; sourceTree = "<group>"; };
		66B7CC9721F1A2D600BE8464 /* RealmConfigurationProvider.swift */ = {isa = PBXFileReference; lastKnownFileType = sourcecode.swift; path = RealmConfigurationProvider.swift; sourceTree = "<group>"; };
		66B7CC9921F1A39B00BE8464 /* Realm+Extension.swift */ = {isa = PBXFileReference; lastKnownFileType = sourcecode.swift; path = "Realm+Extension.swift"; sourceTree = "<group>"; };
		66D38A1621ED94AB003274D4 /* EditTaskViewModel.swift */ = {isa = PBXFileReference; lastKnownFileType = sourcecode.swift; path = EditTaskViewModel.swift; sourceTree = "<group>"; };
		66D38A1821ED95BD003274D4 /* TitleValueTableItem.swift */ = {isa = PBXFileReference; lastKnownFileType = sourcecode.swift; path = TitleValueTableItem.swift; sourceTree = "<group>"; };
		66D38A1A21ED95F9003274D4 /* TitleValueTableSection.swift */ = {isa = PBXFileReference; lastKnownFileType = sourcecode.swift; path = TitleValueTableSection.swift; sourceTree = "<group>"; };
		66D38A1D21ED9703003274D4 /* LoggingService.swift */ = {isa = PBXFileReference; lastKnownFileType = sourcecode.swift; path = LoggingService.swift; sourceTree = "<group>"; };
		66D38A2021ED9820003274D4 /* TaskEntity.swift */ = {isa = PBXFileReference; lastKnownFileType = sourcecode.swift; path = TaskEntity.swift; sourceTree = "<group>"; };
		66D38A2321ED98D4003274D4 /* TaskDataAccessor.swift */ = {isa = PBXFileReference; lastKnownFileType = sourcecode.swift; path = TaskDataAccessor.swift; sourceTree = "<group>"; };
		66D38A2521ED9A01003274D4 /* LocalTaskService.swift */ = {isa = PBXFileReference; lastKnownFileType = sourcecode.swift; path = LocalTaskService.swift; sourceTree = "<group>"; };
		66D38A2721ED9CB6003274D4 /* ResultType.swift */ = {isa = PBXFileReference; lastKnownFileType = sourcecode.swift; path = ResultType.swift; sourceTree = "<group>"; };
		66D38A2921ED9CD3003274D4 /* OperationResult.swift */ = {isa = PBXFileReference; lastKnownFileType = sourcecode.swift; path = OperationResult.swift; sourceTree = "<group>"; };
		66D38A2B21ED9CF4003274D4 /* ErrorType.swift */ = {isa = PBXFileReference; lastKnownFileType = sourcecode.swift; path = ErrorType.swift; sourceTree = "<group>"; };
		66D38A2D21ED9D18003274D4 /* ResultConverter.swift */ = {isa = PBXFileReference; lastKnownFileType = sourcecode.swift; path = ResultConverter.swift; sourceTree = "<group>"; };
		66D38A2F21ED9D74003274D4 /* Errors.swift */ = {isa = PBXFileReference; lastKnownFileType = sourcecode.swift; path = Errors.swift; sourceTree = "<group>"; };
		66D38A3121ED9DD2003274D4 /* ErrorMessageService.swift */ = {isa = PBXFileReference; lastKnownFileType = sourcecode.swift; path = ErrorMessageService.swift; sourceTree = "<group>"; };
		66D38A3321ED9F45003274D4 /* ErrorEmissionCapable.swift */ = {isa = PBXFileReference; lastKnownFileType = sourcecode.swift; path = ErrorEmissionCapable.swift; sourceTree = "<group>"; };
		66D38A3521ED9F77003274D4 /* ErrorBindable.swift */ = {isa = PBXFileReference; lastKnownFileType = sourcecode.swift; path = ErrorBindable.swift; sourceTree = "<group>"; };
		66D38A3721EDA12F003274D4 /* EditTaskViewControllerSnapshotTests.swift */ = {isa = PBXFileReference; lastKnownFileType = sourcecode.swift; path = EditTaskViewControllerSnapshotTests.swift; sourceTree = "<group>"; };
		66D38A3921EDA222003274D4 /* Mocks.swift */ = {isa = PBXFileReference; lastKnownFileType = sourcecode.swift; path = Mocks.swift; sourceTree = "<group>"; };
		66D38A3C21EDA802003274D4 /* TitleValueContentView.swift */ = {isa = PBXFileReference; lastKnownFileType = sourcecode.swift; path = TitleValueContentView.swift; sourceTree = "<group>"; };
		66D38A3E21EDA84E003274D4 /* AppConstants.swift */ = {isa = PBXFileReference; lastKnownFileType = sourcecode.swift; path = AppConstants.swift; sourceTree = "<group>"; };
		66D38A4021EDA9A2003274D4 /* TitleValueCellContentViewSnapshotTests.swift */ = {isa = PBXFileReference; lastKnownFileType = sourcecode.swift; path = TitleValueCellContentViewSnapshotTests.swift; sourceTree = "<group>"; };
		66D38A4321EDAA64003274D4 /* TitleValueTableViewCell.swift */ = {isa = PBXFileReference; lastKnownFileType = sourcecode.swift; path = TitleValueTableViewCell.swift; sourceTree = "<group>"; };
		66F72F7121E86008006B6878 /* ManageTasks.storyboard */ = {isa = PBXFileReference; lastKnownFileType = file.storyboard; path = ManageTasks.storyboard; sourceTree = "<group>"; };
		66F72F7321E86063006B6878 /* ManageTasksViewController.swift */ = {isa = PBXFileReference; lastKnownFileType = sourcecode.swift; path = ManageTasksViewController.swift; sourceTree = "<group>"; };
		66F72F7521E8607F006B6878 /* ManageTasksViewModel.swift */ = {isa = PBXFileReference; lastKnownFileType = sourcecode.swift; path = ManageTasksViewModel.swift; sourceTree = "<group>"; };
		66F72F7721E8650E006B6878 /* IoCContainer.swift */ = {isa = PBXFileReference; lastKnownFileType = sourcecode.swift; path = IoCContainer.swift; sourceTree = "<group>"; };
		66F72F7A21E86538006B6878 /* SwinjectStoryboard+Extension.swift */ = {isa = PBXFileReference; lastKnownFileType = sourcecode.swift; path = "SwinjectStoryboard+Extension.swift"; sourceTree = "<group>"; };
		B1D50C91E74DA66F3906A234 /* Pods_TaskManagerApp.framework */ = {isa = PBXFileReference; explicitFileType = wrapper.framework; includeInIndex = 0; path = Pods_TaskManagerApp.framework; sourceTree = BUILT_PRODUCTS_DIR; };
		D563DF693EE90E37C1A4BD44 /* Pods-TaskManagerAppTests.release.xcconfig */ = {isa = PBXFileReference; includeInIndex = 1; lastKnownFileType = text.xcconfig; name = "Pods-TaskManagerAppTests.release.xcconfig"; path = "Pods/Target Support Files/Pods-TaskManagerAppTests/Pods-TaskManagerAppTests.release.xcconfig"; sourceTree = "<group>"; };
		E421B6C11A8347B4B613F48E /* Pods-TaskManagerApp.debug.xcconfig */ = {isa = PBXFileReference; includeInIndex = 1; lastKnownFileType = text.xcconfig; name = "Pods-TaskManagerApp.debug.xcconfig"; path = "Pods/Target Support Files/Pods-TaskManagerApp/Pods-TaskManagerApp.debug.xcconfig"; sourceTree = "<group>"; };
		E864B7DCBA3D4CBD1918B72B /* Pods-TaskManagerAppTests.debug.xcconfig */ = {isa = PBXFileReference; includeInIndex = 1; lastKnownFileType = text.xcconfig; name = "Pods-TaskManagerAppTests.debug.xcconfig"; path = "Pods/Target Support Files/Pods-TaskManagerAppTests/Pods-TaskManagerAppTests.debug.xcconfig"; sourceTree = "<group>"; };
		EBC2E075B85EB17C2B497667 /* Pods_TaskManagerAppTests.framework */ = {isa = PBXFileReference; explicitFileType = wrapper.framework; includeInIndex = 0; path = Pods_TaskManagerAppTests.framework; sourceTree = BUILT_PRODUCTS_DIR; };
/* End PBXFileReference section */

/* Begin PBXFrameworksBuildPhase section */
		661F9DE121E85E130000F457 /* Frameworks */ = {
			isa = PBXFrameworksBuildPhase;
			buildActionMask = 2147483647;
			files = (
				66B7CC8E21F19FE800BE8464 /* Realm.framework in Frameworks */,
				0B9E2461ADAC222DE352E41A /* Pods_TaskManagerApp.framework in Frameworks */,
				66B7CC9221F19FF000BE8464 /* RealmSwift.framework in Frameworks */,
			);
			runOnlyForDeploymentPostprocessing = 0;
		};
		661F9DF521E85E150000F457 /* Frameworks */ = {
			isa = PBXFrameworksBuildPhase;
			buildActionMask = 2147483647;
			files = (
				AFD7FEC14D8F309D03888DD0 /* Pods_TaskManagerAppTests.framework in Frameworks */,
			);
			runOnlyForDeploymentPostprocessing = 0;
		};
/* End PBXFrameworksBuildPhase section */

/* Begin PBXGroup section */
		661F9DDB21E85E130000F457 = {
			isa = PBXGroup;
			children = (
				66B7CC9121F19FEF00BE8464 /* RealmSwift.framework */,
				66B7CC8D21F19FE800BE8464 /* Realm.framework */,
				661F9DE621E85E130000F457 /* TaskManagerApp */,
				661F9DFB21E85E150000F457 /* TaskManagerAppTests */,
				661F9DE521E85E130000F457 /* Products */,
				CB95328BEA534AB857DC3A84 /* Pods */,
				9897E8A1DFB93F9CA89456D3 /* Frameworks */,
			);
			sourceTree = "<group>";
		};
		661F9DE521E85E130000F457 /* Products */ = {
			isa = PBXGroup;
			children = (
				661F9DE421E85E130000F457 /* TaskManagerApp.app */,
				661F9DF821E85E150000F457 /* TaskManagerAppTests.xctest */,
			);
			name = Products;
			sourceTree = "<group>";
		};
		661F9DE621E85E130000F457 /* TaskManagerApp */ = {
			isa = PBXGroup;
			children = (
				66D38A4221EDAA4D003274D4 /* TableViewCells */,
				66D38A3B21EDA7F4003274D4 /* Views */,
				66D38A2221ED98BC003274D4 /* DataAccessors */,
				66D38A1F21ED9815003274D4 /* Entities */,
				66D38A1C21ED96EB003274D4 /* Services */,
				665961D621EC513200E6ED5C /* TableSections */,
				665961D521EC512A00E6ED5C /* TableItems */,
				665961C821EC4D5D00E6ED5C /* Localization */,
				66F72F7921E86526006B6878 /* Extensions */,
				66F72F7021E85FE7006B6878 /* Storyboards */,
				66F72F6F21E85FDB006B6878 /* ViewModels */,
				66F72F6E21E85FD4006B6878 /* ViewControllers */,
				661F9DE721E85E130000F457 /* AppDelegate.swift */,
				661F9DEE21E85E150000F457 /* Assets.xcassets */,
				661F9DF021E85E150000F457 /* LaunchScreen.storyboard */,
				661F9DF321E85E150000F457 /* Info.plist */,
				66F72F7721E8650E006B6878 /* IoCContainer.swift */,
				665961DB21EC518B00E6ED5C /* TableItemType.swift */,
				665961DD21EC519D00E6ED5C /* TableItemAction.swift */,
				665961E321EC532500E6ED5C /* TableDisplayCapable.swift */,
				665961E521EC551900E6ED5C /* ReusableView.swift */,
				665961EB21EC59F800E6ED5C /* SegueHandlerType.swift */,
				66D38A2721ED9CB6003274D4 /* ResultType.swift */,
				66D38A2921ED9CD3003274D4 /* OperationResult.swift */,
				66D38A2B21ED9CF4003274D4 /* ErrorType.swift */,
				66D38A2D21ED9D18003274D4 /* ResultConverter.swift */,
				66D38A2F21ED9D74003274D4 /* Errors.swift */,
				66D38A3321ED9F45003274D4 /* ErrorEmissionCapable.swift */,
				66D38A3521ED9F77003274D4 /* ErrorBindable.swift */,
				66D38A3E21EDA84E003274D4 /* AppConstants.swift */,
				6613716A21F03B2A00732155 /* Lenses.swift */,
				66B7CC9721F1A2D600BE8464 /* RealmConfigurationProvider.swift */,
			);
			path = TaskManagerApp;
			sourceTree = "<group>";
		};
		661F9DFB21E85E150000F457 /* TaskManagerAppTests */ = {
			isa = PBXGroup;
			children = (
				66B7CC8A21F193CA00BE8464 /* ViewModels */,
				665961BD21EC43FD00E6ED5C /* SnapshotTestCases */,
				661F9DFC21E85E150000F457 /* TaskManagerAppTests.swift */,
				661F9DFE21E85E150000F457 /* Info.plist */,
				665961BE21EC46C700E6ED5C /* FBSnapshotTestCase+Extension.swift */,
				665961C021EC470100E6ED5C /* AssertionDataExtractionCapable.swift */,
				66D38A3921EDA222003274D4 /* Mocks.swift */,
			);
			path = TaskManagerAppTests;
			sourceTree = "<group>";
		};
		665961BD21EC43FD00E6ED5C /* SnapshotTestCases */ = {
			isa = PBXGroup;
			children = (
				665961C221EC472E00E6ED5C /* ManageTasksViewControllerSnapshotTests.swift */,
				66D38A3721EDA12F003274D4 /* EditTaskViewControllerSnapshotTests.swift */,
				66D38A4021EDA9A2003274D4 /* TitleValueCellContentViewSnapshotTests.swift */,
			);
			path = SnapshotTestCases;
			sourceTree = "<group>";
		};
		665961C821EC4D5D00E6ED5C /* Localization */ = {
			isa = PBXGroup;
			children = (
				665961D321EC508600E6ED5C /* Strings.swift */,
				665961D021EC4EA200E6ED5C /* Localizable.strings */,
			);
			path = Localization;
			sourceTree = "<group>";
		};
		665961D521EC512A00E6ED5C /* TableItems */ = {
			isa = PBXGroup;
			children = (
				665961D721EC513F00E6ED5C /* TableItem.swift */,
				665961DF21EC51D100E6ED5C /* GenericTableItem.swift */,
				66D38A1821ED95BD003274D4 /* TitleValueTableItem.swift */,
			);
			path = TableItems;
			sourceTree = "<group>";
		};
		665961D621EC513200E6ED5C /* TableSections */ = {
			isa = PBXGroup;
			children = (
				665961D921EC515600E6ED5C /* TableSection.swift */,
				665961E121EC51E800E6ED5C /* GenericTableSection.swift */,
				66D38A1A21ED95F9003274D4 /* TitleValueTableSection.swift */,
			);
			path = TableSections;
			sourceTree = "<group>";
		};
		66B7CC8A21F193CA00BE8464 /* ViewModels */ = {
			isa = PBXGroup;
			children = (
				66B7CC8B21F193EA00BE8464 /* EditTaskViewModelTests.swift */,
			);
			path = ViewModels;
			sourceTree = "<group>";
		};
		66D38A1C21ED96EB003274D4 /* Services */ = {
			isa = PBXGroup;
			children = (
				66D38A1D21ED9703003274D4 /* LoggingService.swift */,
				66D38A2521ED9A01003274D4 /* LocalTaskService.swift */,
				66D38A3121ED9DD2003274D4 /* ErrorMessageService.swift */,
			);
			path = Services;
			sourceTree = "<group>";
		};
		66D38A1F21ED9815003274D4 /* Entities */ = {
			isa = PBXGroup;
			children = (
				66D38A2021ED9820003274D4 /* TaskEntity.swift */,
			);
			path = Entities;
			sourceTree = "<group>";
		};
		66D38A2221ED98BC003274D4 /* DataAccessors */ = {
			isa = PBXGroup;
			children = (
				66D38A2321ED98D4003274D4 /* TaskDataAccessor.swift */,
				66B7CC9521F1A2A800BE8464 /* DataAccessor.swift */,
			);
			path = DataAccessors;
			sourceTree = "<group>";
		};
		66D38A3B21EDA7F4003274D4 /* Views */ = {
			isa = PBXGroup;
			children = (
				66D38A3C21EDA802003274D4 /* TitleValueContentView.swift */,
			);
			path = Views;
			sourceTree = "<group>";
		};
		66D38A4221EDAA4D003274D4 /* TableViewCells */ = {
			isa = PBXGroup;
			children = (
				66D38A4321EDAA64003274D4 /* TitleValueTableViewCell.swift */,
			);
			path = TableViewCells;
			sourceTree = "<group>";
		};
		66F72F6E21E85FD4006B6878 /* ViewControllers */ = {
			isa = PBXGroup;
			children = (
				66F72F7321E86063006B6878 /* ManageTasksViewController.swift */,
				665961ED21EC5A6900E6ED5C /* EditTaskViewController.swift */,
			);
			path = ViewControllers;
			sourceTree = "<group>";
		};
		66F72F6F21E85FDB006B6878 /* ViewModels */ = {
			isa = PBXGroup;
			children = (
				66F72F7521E8607F006B6878 /* ManageTasksViewModel.swift */,
				66D38A1621ED94AB003274D4 /* EditTaskViewModel.swift */,
			);
			path = ViewModels;
			sourceTree = "<group>";
		};
		66F72F7021E85FE7006B6878 /* Storyboards */ = {
			isa = PBXGroup;
			children = (
				66F72F7121E86008006B6878 /* ManageTasks.storyboard */,
				665961C421EC482400E6ED5C /* StoryboardName.swift */,
			);
			path = Storyboards;
			sourceTree = "<group>";
		};
		66F72F7921E86526006B6878 /* Extensions */ = {
			isa = PBXGroup;
			children = (
				66F72F7A21E86538006B6878 /* SwinjectStoryboard+Extension.swift */,
				665961E721EC555000E6ED5C /* UITableViewCell+Extension.swift */,
				665961E921EC556700E6ED5C /* UITableView+Extension.swift */,
				66B7CC9921F1A39B00BE8464 /* Realm+Extension.swift */,
			);
			path = Extensions;
			sourceTree = "<group>";
		};
		9897E8A1DFB93F9CA89456D3 /* Frameworks */ = {
			isa = PBXGroup;
			children = (
				B1D50C91E74DA66F3906A234 /* Pods_TaskManagerApp.framework */,
				EBC2E075B85EB17C2B497667 /* Pods_TaskManagerAppTests.framework */,
			);
			name = Frameworks;
			sourceTree = "<group>";
		};
		CB95328BEA534AB857DC3A84 /* Pods */ = {
			isa = PBXGroup;
			children = (
				E421B6C11A8347B4B613F48E /* Pods-TaskManagerApp.debug.xcconfig */,
				3E71482CC1665606DCF9C1FA /* Pods-TaskManagerApp.release.xcconfig */,
				E864B7DCBA3D4CBD1918B72B /* Pods-TaskManagerAppTests.debug.xcconfig */,
				D563DF693EE90E37C1A4BD44 /* Pods-TaskManagerAppTests.release.xcconfig */,
			);
			name = Pods;
			sourceTree = "<group>";
		};
/* End PBXGroup section */

/* Begin PBXNativeTarget section */
		661F9DE321E85E130000F457 /* TaskManagerApp */ = {
			isa = PBXNativeTarget;
			buildConfigurationList = 661F9E0121E85E150000F457 /* Build configuration list for PBXNativeTarget "TaskManagerApp" */;
			buildPhases = (
				1B7AE682E7723F28CCD99A78 /* [CP] Check Pods Manifest.lock */,
				661F9DE021E85E130000F457 /* Sources */,
				661F9DE121E85E130000F457 /* Frameworks */,
				661F9DE221E85E130000F457 /* Resources */,
				679634279EE3652CB905583F /* [CP] Embed Pods Frameworks */,
				665961C621EC4CF600E6ED5C /* ShellScript */,
				66B7CC9021F19FE800BE8464 /* Embed Frameworks */,
				66B7CC9421F1A0B500BE8464 /* ShellScript */,
			);
			buildRules = (
			);
			dependencies = (
			);
			name = TaskManagerApp;
			productName = TaskManagerApp;
			productReference = 661F9DE421E85E130000F457 /* TaskManagerApp.app */;
			productType = "com.apple.product-type.application";
		};
		661F9DF721E85E150000F457 /* TaskManagerAppTests */ = {
			isa = PBXNativeTarget;
			buildConfigurationList = 661F9E0421E85E150000F457 /* Build configuration list for PBXNativeTarget "TaskManagerAppTests" */;
			buildPhases = (
				C8E27E9CDE27A894FA6867C0 /* [CP] Check Pods Manifest.lock */,
				661F9DF421E85E150000F457 /* Sources */,
				661F9DF521E85E150000F457 /* Frameworks */,
				661F9DF621E85E150000F457 /* Resources */,
				F68066D59DC06729BD331634 /* [CP] Embed Pods Frameworks */,
			);
			buildRules = (
			);
			dependencies = (
				661F9DFA21E85E150000F457 /* PBXTargetDependency */,
			);
			name = TaskManagerAppTests;
			productName = TaskManagerAppTests;
			productReference = 661F9DF821E85E150000F457 /* TaskManagerAppTests.xctest */;
			productType = "com.apple.product-type.bundle.unit-test";
		};
/* End PBXNativeTarget section */

/* Begin PBXProject section */
		661F9DDC21E85E130000F457 /* Project object */ = {
			isa = PBXProject;
			attributes = {
				LastSwiftUpdateCheck = 1010;
				LastUpgradeCheck = 1010;
				ORGANIZATIONNAME = braunsch;
				TargetAttributes = {
					661F9DE321E85E130000F457 = {
						CreatedOnToolsVersion = 10.1;
					};
					661F9DF721E85E150000F457 = {
						CreatedOnToolsVersion = 10.1;
						TestTargetID = 661F9DE321E85E130000F457;
					};
				};
			};
			buildConfigurationList = 661F9DDF21E85E130000F457 /* Build configuration list for PBXProject "TaskManagerApp" */;
			compatibilityVersion = "Xcode 9.3";
			developmentRegion = en;
			hasScannedForEncodings = 0;
			knownRegions = (
				en,
				Base,
				de,
			);
			mainGroup = 661F9DDB21E85E130000F457;
			productRefGroup = 661F9DE521E85E130000F457 /* Products */;
			projectDirPath = "";
			projectRoot = "";
			targets = (
				661F9DE321E85E130000F457 /* TaskManagerApp */,
				661F9DF721E85E150000F457 /* TaskManagerAppTests */,
			);
		};
/* End PBXProject section */

/* Begin PBXResourcesBuildPhase section */
		661F9DE221E85E130000F457 /* Resources */ = {
			isa = PBXResourcesBuildPhase;
			buildActionMask = 2147483647;
			files = (
				66F72F7221E86008006B6878 /* ManageTasks.storyboard in Resources */,
				665961CE21EC4EA200E6ED5C /* Localizable.strings in Resources */,
				661F9DF221E85E150000F457 /* LaunchScreen.storyboard in Resources */,
				661F9DEF21E85E150000F457 /* Assets.xcassets in Resources */,
			);
			runOnlyForDeploymentPostprocessing = 0;
		};
		661F9DF621E85E150000F457 /* Resources */ = {
			isa = PBXResourcesBuildPhase;
			buildActionMask = 2147483647;
			files = (
			);
			runOnlyForDeploymentPostprocessing = 0;
		};
/* End PBXResourcesBuildPhase section */

/* Begin PBXShellScriptBuildPhase section */
		1B7AE682E7723F28CCD99A78 /* [CP] Check Pods Manifest.lock */ = {
			isa = PBXShellScriptBuildPhase;
			buildActionMask = 2147483647;
			files = (
			);
			inputFileListPaths = (
			);
			inputPaths = (
				"${PODS_PODFILE_DIR_PATH}/Podfile.lock",
				"${PODS_ROOT}/Manifest.lock",
			);
			name = "[CP] Check Pods Manifest.lock";
			outputFileListPaths = (
			);
			outputPaths = (
				"$(DERIVED_FILE_DIR)/Pods-TaskManagerApp-checkManifestLockResult.txt",
			);
			runOnlyForDeploymentPostprocessing = 0;
			shellPath = /bin/sh;
			shellScript = "diff \"${PODS_PODFILE_DIR_PATH}/Podfile.lock\" \"${PODS_ROOT}/Manifest.lock\" > /dev/null\nif [ $? != 0 ] ; then\n    # print error to STDERR\n    echo \"error: The sandbox is not in sync with the Podfile.lock. Run 'pod install' or update your CocoaPods installation.\" >&2\n    exit 1\nfi\n# This output is used by Xcode 'outputs' to avoid re-running this script phase.\necho \"SUCCESS\" > \"${SCRIPT_OUTPUT_FILE_0}\"\n";
			showEnvVarsInLog = 0;
		};
		665961C621EC4CF600E6ED5C /* ShellScript */ = {
			isa = PBXShellScriptBuildPhase;
			buildActionMask = 2147483647;
			files = (
			);
			inputFileListPaths = (
			);
			inputPaths = (
			);
			outputFileListPaths = (
			);
			outputPaths = (
			);
			runOnlyForDeploymentPostprocessing = 0;
			shellPath = /bin/sh;
			shellScript = "if which \"$PROJECT_DIR\"/swiftgen/bin/swiftgen >/dev/null; then\n\"$PROJECT_DIR\"/swiftgen/bin/swiftgen strings \"$PROJECT_DIR/TaskManagerApp/Localization/en.lproj/Localizable.Strings\" --output \"$PROJECT_DIR/TaskManagerApp/Localization/Strings.swift\" -template structured-swift4\nelse\necho \"warning: SwiftGen not installed. Unable to generate Strings.swift file from Localizable Strings. Download SwiftGen from https://github.com/AliSoftware/SwiftGen\"\nfi\n";
		};
		66B7CC9421F1A0B500BE8464 /* ShellScript */ = {
			isa = PBXShellScriptBuildPhase;
			buildActionMask = 2147483647;
			files = (
			);
			inputFileListPaths = (
			);
			inputPaths = (
			);
			outputFileListPaths = (
			);
			outputPaths = (
			);
			runOnlyForDeploymentPostprocessing = 0;
			shellPath = /bin/sh;
			shellScript = "bash \"${BUILT_PRODUCTS_DIR}/${FRAMEWORKS_FOLDER_PATH}/Realm.framework/strip-frameworks.sh\"\n";
		};
		679634279EE3652CB905583F /* [CP] Embed Pods Frameworks */ = {
			isa = PBXShellScriptBuildPhase;
			buildActionMask = 2147483647;
			files = (
			);
			inputFileListPaths = (
			);
			inputPaths = (
				"${SRCROOT}/Pods/Target Support Files/Pods-TaskManagerApp/Pods-TaskManagerApp-frameworks.sh",
				"${BUILT_PRODUCTS_DIR}/RxAtomic/RxAtomic.framework",
				"${BUILT_PRODUCTS_DIR}/RxCocoa/RxCocoa.framework",
				"${BUILT_PRODUCTS_DIR}/RxSwift/RxSwift.framework",
				"${BUILT_PRODUCTS_DIR}/SnapKit/SnapKit.framework",
				"${BUILT_PRODUCTS_DIR}/Swinject/Swinject.framework",
				"${BUILT_PRODUCTS_DIR}/SwinjectStoryboard/SwinjectStoryboard.framework",
			);
			name = "[CP] Embed Pods Frameworks";
			outputFileListPaths = (
			);
			outputPaths = (
				"${TARGET_BUILD_DIR}/${FRAMEWORKS_FOLDER_PATH}/RxAtomic.framework",
				"${TARGET_BUILD_DIR}/${FRAMEWORKS_FOLDER_PATH}/RxCocoa.framework",
				"${TARGET_BUILD_DIR}/${FRAMEWORKS_FOLDER_PATH}/RxSwift.framework",
				"${TARGET_BUILD_DIR}/${FRAMEWORKS_FOLDER_PATH}/SnapKit.framework",
				"${TARGET_BUILD_DIR}/${FRAMEWORKS_FOLDER_PATH}/Swinject.framework",
				"${TARGET_BUILD_DIR}/${FRAMEWORKS_FOLDER_PATH}/SwinjectStoryboard.framework",
			);
			runOnlyForDeploymentPostprocessing = 0;
			shellPath = /bin/sh;
			shellScript = "\"${SRCROOT}/Pods/Target Support Files/Pods-TaskManagerApp/Pods-TaskManagerApp-frameworks.sh\"\n";
			showEnvVarsInLog = 0;
		};
		C8E27E9CDE27A894FA6867C0 /* [CP] Check Pods Manifest.lock */ = {
			isa = PBXShellScriptBuildPhase;
			buildActionMask = 2147483647;
			files = (
			);
			inputFileListPaths = (
			);
			inputPaths = (
				"${PODS_PODFILE_DIR_PATH}/Podfile.lock",
				"${PODS_ROOT}/Manifest.lock",
			);
			name = "[CP] Check Pods Manifest.lock";
			outputFileListPaths = (
			);
			outputPaths = (
				"$(DERIVED_FILE_DIR)/Pods-TaskManagerAppTests-checkManifestLockResult.txt",
			);
			runOnlyForDeploymentPostprocessing = 0;
			shellPath = /bin/sh;
			shellScript = "diff \"${PODS_PODFILE_DIR_PATH}/Podfile.lock\" \"${PODS_ROOT}/Manifest.lock\" > /dev/null\nif [ $? != 0 ] ; then\n    # print error to STDERR\n    echo \"error: The sandbox is not in sync with the Podfile.lock. Run 'pod install' or update your CocoaPods installation.\" >&2\n    exit 1\nfi\n# This output is used by Xcode 'outputs' to avoid re-running this script phase.\necho \"SUCCESS\" > \"${SCRIPT_OUTPUT_FILE_0}\"\n";
			showEnvVarsInLog = 0;
		};
		F68066D59DC06729BD331634 /* [CP] Embed Pods Frameworks */ = {
			isa = PBXShellScriptBuildPhase;
			buildActionMask = 2147483647;
			files = (
			);
			inputFileListPaths = (
			);
			inputPaths = (
				"${SRCROOT}/Pods/Target Support Files/Pods-TaskManagerAppTests/Pods-TaskManagerAppTests-frameworks.sh",
				"${BUILT_PRODUCTS_DIR}/RxAtomic/RxAtomic.framework",
				"${BUILT_PRODUCTS_DIR}/RxSwift/RxSwift.framework",
				"${BUILT_PRODUCTS_DIR}/RxBlocking/RxBlocking.framework",
				"${BUILT_PRODUCTS_DIR}/RxTest/RxTest.framework",
				"${BUILT_PRODUCTS_DIR}/iOSSnapshotTestCase/FBSnapshotTestCase.framework",
			);
			name = "[CP] Embed Pods Frameworks";
			outputFileListPaths = (
			);
			outputPaths = (
				"${TARGET_BUILD_DIR}/${FRAMEWORKS_FOLDER_PATH}/RxAtomic.framework",
				"${TARGET_BUILD_DIR}/${FRAMEWORKS_FOLDER_PATH}/RxSwift.framework",
				"${TARGET_BUILD_DIR}/${FRAMEWORKS_FOLDER_PATH}/RxBlocking.framework",
				"${TARGET_BUILD_DIR}/${FRAMEWORKS_FOLDER_PATH}/RxTest.framework",
				"${TARGET_BUILD_DIR}/${FRAMEWORKS_FOLDER_PATH}/FBSnapshotTestCase.framework",
			);
			runOnlyForDeploymentPostprocessing = 0;
			shellPath = /bin/sh;
			shellScript = "\"${SRCROOT}/Pods/Target Support Files/Pods-TaskManagerAppTests/Pods-TaskManagerAppTests-frameworks.sh\"\n";
			showEnvVarsInLog = 0;
		};
/* End PBXShellScriptBuildPhase section */

/* Begin PBXSourcesBuildPhase section */
		661F9DE021E85E130000F457 /* Sources */ = {
			isa = PBXSourcesBuildPhase;
			buildActionMask = 2147483647;
			files = (
				66F72F7821E8650E006B6878 /* IoCContainer.swift in Sources */,
				66D38A3621ED9F77003274D4 /* ErrorBindable.swift in Sources */,
				66D38A1E21ED9703003274D4 /* LoggingService.swift in Sources */,
				66F72F7621E8607F006B6878 /* ManageTasksViewModel.swift in Sources */,
				66D38A2121ED9820003274D4 /* TaskEntity.swift in Sources */,
				6613716B21F03B2A00732155 /* Lenses.swift in Sources */,
				66D38A2821ED9CB6003274D4 /* ResultType.swift in Sources */,
				66D38A3D21EDA802003274D4 /* TitleValueContentView.swift in Sources */,
				665961D421EC508600E6ED5C /* Strings.swift in Sources */,
				66D38A2C21ED9CF4003274D4 /* ErrorType.swift in Sources */,
				66D38A2421ED98D4003274D4 /* TaskDataAccessor.swift in Sources */,
				66D38A4421EDAA64003274D4 /* TitleValueTableViewCell.swift in Sources */,
				66D38A2621ED9A01003274D4 /* LocalTaskService.swift in Sources */,
				66D38A2E21ED9D18003274D4 /* ResultConverter.swift in Sources */,
				66B7CC9821F1A2D600BE8464 /* RealmConfigurationProvider.swift in Sources */,
				66B7CC9621F1A2A800BE8464 /* DataAccessor.swift in Sources */,
				665961E021EC51D100E6ED5C /* GenericTableItem.swift in Sources */,
				665961C521EC482400E6ED5C /* StoryboardName.swift in Sources */,
				665961E821EC555000E6ED5C /* UITableViewCell+Extension.swift in Sources */,
				66D38A3021ED9D74003274D4 /* Errors.swift in Sources */,
				665961E421EC532500E6ED5C /* TableDisplayCapable.swift in Sources */,
				66F72F7B21E86538006B6878 /* SwinjectStoryboard+Extension.swift in Sources */,
				665961DA21EC515600E6ED5C /* TableSection.swift in Sources */,
				66D38A3F21EDA84E003274D4 /* AppConstants.swift in Sources */,
				66D38A3421ED9F45003274D4 /* ErrorEmissionCapable.swift in Sources */,
				665961DC21EC518B00E6ED5C /* TableItemType.swift in Sources */,
				665961EA21EC556700E6ED5C /* UITableView+Extension.swift in Sources */,
				66D38A2A21ED9CD3003274D4 /* OperationResult.swift in Sources */,
				66D38A3221ED9DD2003274D4 /* ErrorMessageService.swift in Sources */,
				66D38A1921ED95BD003274D4 /* TitleValueTableItem.swift in Sources */,
				66D38A1721ED94AB003274D4 /* EditTaskViewModel.swift in Sources */,
				661F9DE821E85E130000F457 /* AppDelegate.swift in Sources */,
				665961E621EC551900E6ED5C /* ReusableView.swift in Sources */,
				665961DE21EC519D00E6ED5C /* TableItemAction.swift in Sources */,
				665961EE21EC5A6900E6ED5C /* EditTaskViewController.swift in Sources */,
				665961D821EC513F00E6ED5C /* TableItem.swift in Sources */,
				66B7CC9A21F1A39B00BE8464 /* Realm+Extension.swift in Sources */,
				665961E221EC51E800E6ED5C /* GenericTableSection.swift in Sources */,
				665961EC21EC59F800E6ED5C /* SegueHandlerType.swift in Sources */,
				66F72F7421E86063006B6878 /* ManageTasksViewController.swift in Sources */,
				66D38A1B21ED95F9003274D4 /* TitleValueTableSection.swift in Sources */,
			);
			runOnlyForDeploymentPostprocessing = 0;
		};
		661F9DF421E85E150000F457 /* Sources */ = {
			isa = PBXSourcesBuildPhase;
			buildActionMask = 2147483647;
			files = (
				66D38A3821EDA12F003274D4 /* EditTaskViewControllerSnapshotTests.swift in Sources */,
				665961C321EC472E00E6ED5C /* ManageTasksViewControllerSnapshotTests.swift in Sources */,
				66D38A4121EDA9A2003274D4 /* TitleValueCellContentViewSnapshotTests.swift in Sources */,
				661F9DFD21E85E150000F457 /* TaskManagerAppTests.swift in Sources */,
				665961BF21EC46C700E6ED5C /* FBSnapshotTestCase+Extension.swift in Sources */,
				665961C121EC470100E6ED5C /* AssertionDataExtractionCapable.swift in Sources */,
				66D38A3A21EDA222003274D4 /* Mocks.swift in Sources */,
				66B7CC8C21F193EA00BE8464 /* EditTaskViewModelTests.swift in Sources */,
			);
			runOnlyForDeploymentPostprocessing = 0;
		};
/* End PBXSourcesBuildPhase section */

/* Begin PBXTargetDependency section */
		661F9DFA21E85E150000F457 /* PBXTargetDependency */ = {
			isa = PBXTargetDependency;
			target = 661F9DE321E85E130000F457 /* TaskManagerApp */;
			targetProxy = 661F9DF921E85E150000F457 /* PBXContainerItemProxy */;
		};
/* End PBXTargetDependency section */

/* Begin PBXVariantGroup section */
		661F9DF021E85E150000F457 /* LaunchScreen.storyboard */ = {
			isa = PBXVariantGroup;
			children = (
				661F9DF121E85E150000F457 /* Base */,
				665961D121EC4EC100E6ED5C /* de */,
			);
			name = LaunchScreen.storyboard;
			sourceTree = "<group>";
		};
		665961D021EC4EA200E6ED5C /* Localizable.strings */ = {
			isa = PBXVariantGroup;
			children = (
				665961CF21EC4EA200E6ED5C /* en */,
				665961D221EC4EC200E6ED5C /* de */,
			);
			name = Localizable.strings;
			sourceTree = "<group>";
		};
/* End PBXVariantGroup section */

/* Begin XCBuildConfiguration section */
		661F9DFF21E85E150000F457 /* Debug */ = {
			isa = XCBuildConfiguration;
			buildSettings = {
				ALWAYS_SEARCH_USER_PATHS = NO;
				CLANG_ANALYZER_LOCALIZABILITY_NONLOCALIZED = YES;
				CLANG_ANALYZER_NONNULL = YES;
				CLANG_ANALYZER_NUMBER_OBJECT_CONVERSION = YES_AGGRESSIVE;
				CLANG_CXX_LANGUAGE_STANDARD = "gnu++14";
				CLANG_CXX_LIBRARY = "libc++";
				CLANG_ENABLE_MODULES = YES;
				CLANG_ENABLE_OBJC_ARC = YES;
				CLANG_ENABLE_OBJC_WEAK = YES;
				CLANG_WARN_BLOCK_CAPTURE_AUTORELEASING = YES;
				CLANG_WARN_BOOL_CONVERSION = YES;
				CLANG_WARN_COMMA = YES;
				CLANG_WARN_CONSTANT_CONVERSION = YES;
				CLANG_WARN_DEPRECATED_OBJC_IMPLEMENTATIONS = YES;
				CLANG_WARN_DIRECT_OBJC_ISA_USAGE = YES_ERROR;
				CLANG_WARN_DOCUMENTATION_COMMENTS = YES;
				CLANG_WARN_EMPTY_BODY = YES;
				CLANG_WARN_ENUM_CONVERSION = YES;
				CLANG_WARN_INFINITE_RECURSION = YES;
				CLANG_WARN_INT_CONVERSION = YES;
				CLANG_WARN_NON_LITERAL_NULL_CONVERSION = YES;
				CLANG_WARN_OBJC_IMPLICIT_RETAIN_SELF = YES;
				CLANG_WARN_OBJC_LITERAL_CONVERSION = YES;
				CLANG_WARN_OBJC_ROOT_CLASS = YES_ERROR;
				CLANG_WARN_RANGE_LOOP_ANALYSIS = YES;
				CLANG_WARN_STRICT_PROTOTYPES = YES;
				CLANG_WARN_SUSPICIOUS_MOVE = YES;
				CLANG_WARN_UNGUARDED_AVAILABILITY = YES_AGGRESSIVE;
				CLANG_WARN_UNREACHABLE_CODE = YES;
				CLANG_WARN__DUPLICATE_METHOD_MATCH = YES;
				CODE_SIGN_IDENTITY = "iPhone Developer";
				COPY_PHASE_STRIP = NO;
				DEBUG_INFORMATION_FORMAT = dwarf;
				ENABLE_STRICT_OBJC_MSGSEND = YES;
				ENABLE_TESTABILITY = YES;
				GCC_C_LANGUAGE_STANDARD = gnu11;
				GCC_DYNAMIC_NO_PIC = NO;
				GCC_NO_COMMON_BLOCKS = YES;
				GCC_OPTIMIZATION_LEVEL = 0;
				GCC_PREPROCESSOR_DEFINITIONS = (
					"DEBUG=1",
					"$(inherited)",
				);
				GCC_WARN_64_TO_32_BIT_CONVERSION = YES;
				GCC_WARN_ABOUT_RETURN_TYPE = YES_ERROR;
				GCC_WARN_UNDECLARED_SELECTOR = YES;
				GCC_WARN_UNINITIALIZED_AUTOS = YES_AGGRESSIVE;
				GCC_WARN_UNUSED_FUNCTION = YES;
				GCC_WARN_UNUSED_VARIABLE = YES;
				IPHONEOS_DEPLOYMENT_TARGET = 12.1;
				MTL_ENABLE_DEBUG_INFO = INCLUDE_SOURCE;
				MTL_FAST_MATH = YES;
				ONLY_ACTIVE_ARCH = YES;
				SDKROOT = iphoneos;
				SWIFT_ACTIVE_COMPILATION_CONDITIONS = DEBUG;
				SWIFT_OPTIMIZATION_LEVEL = "-Onone";
			};
			name = Debug;
		};
		661F9E0021E85E150000F457 /* Release */ = {
			isa = XCBuildConfiguration;
			buildSettings = {
				ALWAYS_SEARCH_USER_PATHS = NO;
				CLANG_ANALYZER_LOCALIZABILITY_NONLOCALIZED = YES;
				CLANG_ANALYZER_NONNULL = YES;
				CLANG_ANALYZER_NUMBER_OBJECT_CONVERSION = YES_AGGRESSIVE;
				CLANG_CXX_LANGUAGE_STANDARD = "gnu++14";
				CLANG_CXX_LIBRARY = "libc++";
				CLANG_ENABLE_MODULES = YES;
				CLANG_ENABLE_OBJC_ARC = YES;
				CLANG_ENABLE_OBJC_WEAK = YES;
				CLANG_WARN_BLOCK_CAPTURE_AUTORELEASING = YES;
				CLANG_WARN_BOOL_CONVERSION = YES;
				CLANG_WARN_COMMA = YES;
				CLANG_WARN_CONSTANT_CONVERSION = YES;
				CLANG_WARN_DEPRECATED_OBJC_IMPLEMENTATIONS = YES;
				CLANG_WARN_DIRECT_OBJC_ISA_USAGE = YES_ERROR;
				CLANG_WARN_DOCUMENTATION_COMMENTS = YES;
				CLANG_WARN_EMPTY_BODY = YES;
				CLANG_WARN_ENUM_CONVERSION = YES;
				CLANG_WARN_INFINITE_RECURSION = YES;
				CLANG_WARN_INT_CONVERSION = YES;
				CLANG_WARN_NON_LITERAL_NULL_CONVERSION = YES;
				CLANG_WARN_OBJC_IMPLICIT_RETAIN_SELF = YES;
				CLANG_WARN_OBJC_LITERAL_CONVERSION = YES;
				CLANG_WARN_OBJC_ROOT_CLASS = YES_ERROR;
				CLANG_WARN_RANGE_LOOP_ANALYSIS = YES;
				CLANG_WARN_STRICT_PROTOTYPES = YES;
				CLANG_WARN_SUSPICIOUS_MOVE = YES;
				CLANG_WARN_UNGUARDED_AVAILABILITY = YES_AGGRESSIVE;
				CLANG_WARN_UNREACHABLE_CODE = YES;
				CLANG_WARN__DUPLICATE_METHOD_MATCH = YES;
				CODE_SIGN_IDENTITY = "iPhone Developer";
				COPY_PHASE_STRIP = NO;
				DEBUG_INFORMATION_FORMAT = "dwarf-with-dsym";
				ENABLE_NS_ASSERTIONS = NO;
				ENABLE_STRICT_OBJC_MSGSEND = YES;
				GCC_C_LANGUAGE_STANDARD = gnu11;
				GCC_NO_COMMON_BLOCKS = YES;
				GCC_WARN_64_TO_32_BIT_CONVERSION = YES;
				GCC_WARN_ABOUT_RETURN_TYPE = YES_ERROR;
				GCC_WARN_UNDECLARED_SELECTOR = YES;
				GCC_WARN_UNINITIALIZED_AUTOS = YES_AGGRESSIVE;
				GCC_WARN_UNUSED_FUNCTION = YES;
				GCC_WARN_UNUSED_VARIABLE = YES;
				IPHONEOS_DEPLOYMENT_TARGET = 12.1;
				MTL_ENABLE_DEBUG_INFO = NO;
				MTL_FAST_MATH = YES;
				SDKROOT = iphoneos;
				SWIFT_COMPILATION_MODE = wholemodule;
				SWIFT_OPTIMIZATION_LEVEL = "-O";
				VALIDATE_PRODUCT = YES;
			};
			name = Release;
		};
		661F9E0221E85E150000F457 /* Debug */ = {
			isa = XCBuildConfiguration;
			baseConfigurationReference = E421B6C11A8347B4B613F48E /* Pods-TaskManagerApp.debug.xcconfig */;
			buildSettings = {
				ASSETCATALOG_COMPILER_APPICON_NAME = AppIcon;
				CODE_SIGN_STYLE = Automatic;
				FRAMEWORK_SEARCH_PATHS = (
					"$(inherited)",
					"$(PROJECT_DIR)",
				);
				INFOPLIST_FILE = TaskManagerApp/Info.plist;
				LD_RUNPATH_SEARCH_PATHS = (
					"$(inherited)",
					"@executable_path/Frameworks",
				);
				PRODUCT_BUNDLE_IDENTIFIER = com.braunsch.TaskManagerApp;
				PRODUCT_NAME = "$(TARGET_NAME)";
				SWIFT_VERSION = 4.2;
				TARGETED_DEVICE_FAMILY = "1,2";
			};
			name = Debug;
		};
		661F9E0321E85E150000F457 /* Release */ = {
			isa = XCBuildConfiguration;
			baseConfigurationReference = 3E71482CC1665606DCF9C1FA /* Pods-TaskManagerApp.release.xcconfig */;
			buildSettings = {
				ASSETCATALOG_COMPILER_APPICON_NAME = AppIcon;
				CODE_SIGN_STYLE = Automatic;
				FRAMEWORK_SEARCH_PATHS = (
					"$(inherited)",
					"$(PROJECT_DIR)",
				);
				INFOPLIST_FILE = TaskManagerApp/Info.plist;
				LD_RUNPATH_SEARCH_PATHS = (
					"$(inherited)",
					"@executable_path/Frameworks",
				);
				PRODUCT_BUNDLE_IDENTIFIER = com.braunsch.TaskManagerApp;
				PRODUCT_NAME = "$(TARGET_NAME)";
				SWIFT_VERSION = 4.2;
				TARGETED_DEVICE_FAMILY = "1,2";
			};
			name = Release;
		};
		661F9E0521E85E150000F457 /* Debug */ = {
			isa = XCBuildConfiguration;
			baseConfigurationReference = E864B7DCBA3D4CBD1918B72B /* Pods-TaskManagerAppTests.debug.xcconfig */;
			buildSettings = {
				ALWAYS_EMBED_SWIFT_STANDARD_LIBRARIES = YES;
				BUNDLE_LOADER = "$(TEST_HOST)";
				CODE_SIGN_STYLE = Automatic;
				FRAMEWORK_SEARCH_PATHS = (
					"$(inherited)",
					"$(PLATFORM_DIR)/Developer/Library/Frameworks",
					"\"${PODS_CONFIGURATION_BUILD_DIR}/RxAtomic\"",
					"\"${PODS_CONFIGURATION_BUILD_DIR}/RxBlocking\"",
					"\"${PODS_CONFIGURATION_BUILD_DIR}/RxSwift\"",
					"\"${PODS_CONFIGURATION_BUILD_DIR}/RxTest\"",
					"\"${PODS_CONFIGURATION_BUILD_DIR}/iOSSnapshotTestCase\"",
					"\"${PODS_CONFIGURATION_BUILD_DIR}/RxAtomic\"",
					"\"${PODS_CONFIGURATION_BUILD_DIR}/RxCocoa\"",
					"\"${PODS_CONFIGURATION_BUILD_DIR}/RxSwift\"",
					"\"${PODS_CONFIGURATION_BUILD_DIR}/SnapKit\"",
					"\"${PODS_CONFIGURATION_BUILD_DIR}/Swinject\"",
					"\"${PODS_CONFIGURATION_BUILD_DIR}/SwinjectStoryboard\"",
					"\"${PROJECT_DIR}\"",
				);
				INFOPLIST_FILE = TaskManagerAppTests/Info.plist;
				LD_RUNPATH_SEARCH_PATHS = (
					"$(inherited)",
					"@executable_path/Frameworks",
					"@loader_path/Frameworks",
				);
				PRODUCT_BUNDLE_IDENTIFIER = com.braunsch.TaskManagerAppTests;
				PRODUCT_NAME = "$(TARGET_NAME)";
				SWIFT_VERSION = 4.2;
				TARGETED_DEVICE_FAMILY = "1,2";
				TEST_HOST = "$(BUILT_PRODUCTS_DIR)/TaskManagerApp.app/TaskManagerApp";
			};
			name = Debug;
		};
		661F9E0621E85E150000F457 /* Release */ = {
			isa = XCBuildConfiguration;
			baseConfigurationReference = D563DF693EE90E37C1A4BD44 /* Pods-TaskManagerAppTests.release.xcconfig */;
			buildSettings = {
				ALWAYS_EMBED_SWIFT_STANDARD_LIBRARIES = YES;
				BUNDLE_LOADER = "$(TEST_HOST)";
				CODE_SIGN_STYLE = Automatic;
				FRAMEWORK_SEARCH_PATHS = (
					"$(inherited)",
					"$(PLATFORM_DIR)/Developer/Library/Frameworks",
					"\"${PODS_CONFIGURATION_BUILD_DIR}/RxAtomic\"",
					"\"${PODS_CONFIGURATION_BUILD_DIR}/RxBlocking\"",
					"\"${PODS_CONFIGURATION_BUILD_DIR}/RxSwift\"",
					"\"${PODS_CONFIGURATION_BUILD_DIR}/RxTest\"",
					"\"${PODS_CONFIGURATION_BUILD_DIR}/iOSSnapshotTestCase\"",
					"\"${PODS_CONFIGURATION_BUILD_DIR}/RxAtomic\"",
					"\"${PODS_CONFIGURATION_BUILD_DIR}/RxCocoa\"",
					"\"${PODS_CONFIGURATION_BUILD_DIR}/RxSwift\"",
					"\"${PODS_CONFIGURATION_BUILD_DIR}/SnapKit\"",
					"\"${PODS_CONFIGURATION_BUILD_DIR}/Swinject\"",
					"\"${PODS_CONFIGURATION_BUILD_DIR}/SwinjectStoryboard\"",
					"\"${PROJECT_DIR}\"",
				);
				INFOPLIST_FILE = TaskManagerAppTests/Info.plist;
				LD_RUNPATH_SEARCH_PATHS = (
					"$(inherited)",
					"@executable_path/Frameworks",
					"@loader_path/Frameworks",
				);
				PRODUCT_BUNDLE_IDENTIFIER = com.braunsch.TaskManagerAppTests;
				PRODUCT_NAME = "$(TARGET_NAME)";
				SWIFT_VERSION = 4.2;
				TARGETED_DEVICE_FAMILY = "1,2";
				TEST_HOST = "$(BUILT_PRODUCTS_DIR)/TaskManagerApp.app/TaskManagerApp";
			};
			name = Release;
		};
/* End XCBuildConfiguration section */

/* Begin XCConfigurationList section */
		661F9DDF21E85E130000F457 /* Build configuration list for PBXProject "TaskManagerApp" */ = {
			isa = XCConfigurationList;
			buildConfigurations = (
				661F9DFF21E85E150000F457 /* Debug */,
				661F9E0021E85E150000F457 /* Release */,
			);
			defaultConfigurationIsVisible = 0;
			defaultConfigurationName = Release;
		};
		661F9E0121E85E150000F457 /* Build configuration list for PBXNativeTarget "TaskManagerApp" */ = {
			isa = XCConfigurationList;
			buildConfigurations = (
				661F9E0221E85E150000F457 /* Debug */,
				661F9E0321E85E150000F457 /* Release */,
			);
			defaultConfigurationIsVisible = 0;
			defaultConfigurationName = Release;
		};
		661F9E0421E85E150000F457 /* Build configuration list for PBXNativeTarget "TaskManagerAppTests" */ = {
			isa = XCConfigurationList;
			buildConfigurations = (
				661F9E0521E85E150000F457 /* Debug */,
				661F9E0621E85E150000F457 /* Release */,
			);
			defaultConfigurationIsVisible = 0;
			defaultConfigurationName = Release;
		};
/* End XCConfigurationList section */
	};
	rootObject = 661F9DDC21E85E130000F457 /* Project object */;
}
